Microsoft Visual Studio Solution File, Format Version 12.00
# Visual Studio Version 17
VisualStudioVersion = 17.5.2.0
MinimumVisualStudioVersion = 10.0.40219.1
Project("{FAE04EC0-301F-11D3-BF4B-00C04F79EFBC}") = "ManeroTest6.Api", "ManeroTest6.Api\ManeroTest6.Api.csproj", "{130317B0-D52E-6075-ED1D-420D7E7642F5}"
EndProject
Global
	GlobalSection(SolutionConfigurationPlatforms) = preSolution
		Debug|Any CPU = Debug|Any CPU
		Release|Any CPU = Release|Any CPU
	EndGlobalSection
	GlobalSection(ProjectConfigurationPlatforms) = postSolution
		{130317B0-D52E-6075-ED1D-420D7E7642F5}.Debug|Any CPU.ActiveCfg = Debug|Any CPU
		{130317B0-D52E-6075-ED1D-420D7E7642F5}.Debug|Any CPU.Build.0 = Debug|Any CPU
		{130317B0-D52E-6075-ED1D-420D7E7642F5}.Release|Any CPU.ActiveCfg = Release|Any CPU
		{130317B0-D52E-6075-ED1D-420D7E7642F5}.Release|Any CPU.Build.0 = Release|Any CPU
	EndGlobalSection
	GlobalSection(SolutionProperties) = preSolution
		HideSolutionNode = FALSE
	EndGlobalSection
	GlobalSection(ExtensibilityGlobals) = postSolution
		SolutionGuid = {E2A4FD42-7B6C-42F4-8464-169E787B8DA6}
	EndGlobalSection
EndGlobal
